
Microsoft Visual Studio Solution File, Format Version 12.00
# Visual Studio Version 17
VisualStudioVersion = 17.2.32516.85
MinimumVisualStudioVersion = 10.0.40219.1
Project("{9A19103F-16F7-4668-BE54-9A1E7A4F7556}") = "BlazorGrpcService.Client", "BlazorGrpcService.Client\BlazorGrpcService.Client.csproj", "{49780230-8814-4FD3-950A-DBD1F27DA693}"
EndProject
Project("{9A19103F-16F7-4668-BE54-9A1E7A4F7556}") = "BlazorGrpcServie.Shared", "BlazorGrpcServie.Shared\BlazorGrpcServie.Shared.csproj", "{7699890B-1C57-47EC-B649-ED24D97949E3}"
EndProject
Project("{FAE04EC0-301F-11D3-BF4B-00C04F79EFBC}") = "BlazorGrpcService.Server", "BlazorGrpcService.Server\BlazorGrpcService.Server.csproj", "{FCEA38A5-9BF5-4E9A-BE0E-E6FC0EFD9BAE}"
EndProject
Global
	GlobalSection(SolutionConfigurationPlatforms) = preSolution
		Debug|Any CPU = Debug|Any CPU
		Release|Any CPU = Release|Any CPU
	EndGlobalSection
	GlobalSection(ProjectConfigurationPlatforms) = postSolution
		{49780230-8814-4FD3-950A-DBD1F27DA693}.Debug|Any CPU.ActiveCfg = Debug|Any CPU
		{49780230-8814-4FD3-950A-DBD1F27DA693}.Debug|Any CPU.Build.0 = Debug|Any CPU
		{49780230-8814-4FD3-950A-DBD1F27DA693}.Release|Any CPU.ActiveCfg = Release|Any CPU
		{49780230-8814-4FD3-950A-DBD1F27DA693}.Release|Any CPU.Build.0 = Release|Any CPU
		{7699890B-1C57-47EC-B649-ED24D97949E3}.Debug|Any CPU.ActiveCfg = Debug|Any CPU
		{7699890B-1C57-47EC-B649-ED24D97949E3}.Debug|Any CPU.Build.0 = Debug|Any CPU
		{7699890B-1C57-47EC-B649-ED24D97949E3}.Release|Any CPU.ActiveCfg = Release|Any CPU
		{7699890B-1C57-47EC-B649-ED24D97949E3}.Release|Any CPU.Build.0 = Release|Any CPU
		{FCEA38A5-9BF5-4E9A-BE0E-E6FC0EFD9BAE}.Debug|Any CPU.ActiveCfg = Debug|Any CPU
		{FCEA38A5-9BF5-4E9A-BE0E-E6FC0EFD9BAE}.Debug|Any CPU.Build.0 = Debug|Any CPU
		{FCEA38A5-9BF5-4E9A-BE0E-E6FC0EFD9BAE}.Release|Any CPU.ActiveCfg = Release|Any CPU
		{FCEA38A5-9BF5-4E9A-BE0E-E6FC0EFD9BAE}.Release|Any CPU.Build.0 = Release|Any CPU
	EndGlobalSection
	GlobalSection(SolutionProperties) = preSolution
		HideSolutionNode = FALSE
	EndGlobalSection
	GlobalSection(ExtensibilityGlobals) = postSolution
		SolutionGuid = {85C2DD7B-7939-464C-969D-6C277A58D66D}
	EndGlobalSection
EndGlobal
